
Microsoft Visual Studio Solution File, Format Version 10.00
# Visual Studio 2008
Project("{2150E333-8FDC-42A3-9474-1A3956D46DE8}") = "src", "src", "{8CB2C9DA-51AF-466A-BB22-AF61DA6EAA49}"
EndProject
Project("{2150E333-8FDC-42A3-9474-1A3956D46DE8}") = "test", "test", "{2259F512-57F2-4A5C-8A9E-C69ADFEF26EF}"
EndProject
Project("{FAE04EC0-301F-11D3-BF4B-00C04F79EFBC}") = "NGForms.FormGenerator.UI", "src\NGForms.FormGenerator.UI\NGForms.FormGenerator.UI.csproj", "{138EB3C0-69FA-4FF1-93EC-2F51014ACC92}"
EndProject
Project("{FAE04EC0-301F-11D3-BF4B-00C04F79EFBC}") = "NGForms.FormGenerator.WinForms", "src\NGForms.FormGenerator.WinForms\NGForms.FormGenerator.WinForms.csproj", "{4B55D995-023C-485E-8B20-0981CAF01819}"
EndProject
Project("{FAE04EC0-301F-11D3-BF4B-00C04F79EFBC}") = "NGForms.FormGenerator.Core.Test", "test\NGForms.FormGenerator.Core.Test\NGForms.FormGenerator.Core.Test.csproj", "{09BF3077-3D89-479B-9B6D-C0AB310FF3D4}"
EndProject
Project("{FAE04EC0-301F-11D3-BF4B-00C04F79EFBC}") = "NGForms.FormGenerator.UI.Test", "test\NGForms.FormGenerator.UI.Test\NGForms.FormGenerator.UI.Test.csproj", "{3DC5F543-4BD3-4796-92A3-60099E60E7F1}"
EndProject
Project("{FAE04EC0-301F-11D3-BF4B-00C04F79EFBC}") = "NGForms.FormGenerator.Infrastructure", "src\NGForms.FormGenerator.Infrastructure\NGForms.FormGenerator.Infrastructure.csproj", "{B4BD5902-4FB5-4B61-A68E-57BB2098F4F9}"
EndProject
Project("{FAE04EC0-301F-11D3-BF4B-00C04F79EFBC}") = "NGForms.Core", "src\NGForms.Core\NGForms.Core.csproj", "{D4158079-2E80-4852-AA2F-D0380D80B938}"
EndProject
Project("{2150E333-8FDC-42A3-9474-1A3956D46DE8}") = "install", "install", "{7D398CA3-DB82-4385-ACE3-E89A06785E13}"
EndProject
Project("{54435603-DBB4-11D2-8724-00A0C9A8B90C}") = "NgForms.FormGenerator.Install", "install\NgForms.FormGenerator.Install\NgForms.FormGenerator.Install.vdproj", "{B0988619-F980-4EFD-A4F5-BEE48258E4B1}"
EndProject
Project("{FAE04EC0-301F-11D3-BF4B-00C04F79EFBC}") = "NGForms.Server", "src\NGForms.Server\NGForms.Server.csproj", "{FD146AED-9301-4DF8-9E59-336C16135EF1}"
EndProject
Project("{54435603-DBB4-11D2-8724-00A0C9A8B90C}") = "NGForms.Server.Install", "install\NGForms.Server.Install\NGForms.Server.Install.vdproj", "{87CD22D2-FA9B-43B5-B11B-1F6640D6CE63}"
EndProject
Global
	GlobalSection(SolutionConfigurationPlatforms) = preSolution
		Debug|Any CPU = Debug|Any CPU
		Release|Any CPU = Release|Any CPU
	EndGlobalSection
	GlobalSection(ProjectConfigurationPlatforms) = postSolution
		{138EB3C0-69FA-4FF1-93EC-2F51014ACC92}.Debug|Any CPU.ActiveCfg = Debug|Any CPU
		{138EB3C0-69FA-4FF1-93EC-2F51014ACC92}.Debug|Any CPU.Build.0 = Debug|Any CPU
		{138EB3C0-69FA-4FF1-93EC-2F51014ACC92}.Release|Any CPU.ActiveCfg = Release|Any CPU
		{138EB3C0-69FA-4FF1-93EC-2F51014ACC92}.Release|Any CPU.Build.0 = Release|Any CPU
		{4B55D995-023C-485E-8B20-0981CAF01819}.Debug|Any CPU.ActiveCfg = Debug|Any CPU
		{4B55D995-023C-485E-8B20-0981CAF01819}.Debug|Any CPU.Build.0 = Debug|Any CPU
		{4B55D995-023C-485E-8B20-0981CAF01819}.Release|Any CPU.ActiveCfg = Release|Any CPU
		{4B55D995-023C-485E-8B20-0981CAF01819}.Release|Any CPU.Build.0 = Release|Any CPU
		{09BF3077-3D89-479B-9B6D-C0AB310FF3D4}.Debug|Any CPU.ActiveCfg = Debug|Any CPU
		{09BF3077-3D89-479B-9B6D-C0AB310FF3D4}.Debug|Any CPU.Build.0 = Debug|Any CPU
		{09BF3077-3D89-479B-9B6D-C0AB310FF3D4}.Release|Any CPU.ActiveCfg = Release|Any CPU
		{09BF3077-3D89-479B-9B6D-C0AB310FF3D4}.Release|Any CPU.Build.0 = Release|Any CPU
		{3DC5F543-4BD3-4796-92A3-60099E60E7F1}.Debug|Any CPU.ActiveCfg = Debug|Any CPU
		{3DC5F543-4BD3-4796-92A3-60099E60E7F1}.Debug|Any CPU.Build.0 = Debug|Any CPU
		{3DC5F543-4BD3-4796-92A3-60099E60E7F1}.Release|Any CPU.ActiveCfg = Release|Any CPU
		{3DC5F543-4BD3-4796-92A3-60099E60E7F1}.Release|Any CPU.Build.0 = Release|Any CPU
		{B4BD5902-4FB5-4B61-A68E-57BB2098F4F9}.Debug|Any CPU.ActiveCfg = Debug|Any CPU
		{B4BD5902-4FB5-4B61-A68E-57BB2098F4F9}.Debug|Any CPU.Build.0 = Debug|Any CPU
		{B4BD5902-4FB5-4B61-A68E-57BB2098F4F9}.Release|Any CPU.ActiveCfg = Release|Any CPU
		{B4BD5902-4FB5-4B61-A68E-57BB2098F4F9}.Release|Any CPU.Build.0 = Release|Any CPU
		{D4158079-2E80-4852-AA2F-D0380D80B938}.Debug|Any CPU.ActiveCfg = Debug|Any CPU
		{D4158079-2E80-4852-AA2F-D0380D80B938}.Debug|Any CPU.Build.0 = Debug|Any CPU
		{D4158079-2E80-4852-AA2F-D0380D80B938}.Release|Any CPU.ActiveCfg = Release|Any CPU
		{D4158079-2E80-4852-AA2F-D0380D80B938}.Release|Any CPU.Build.0 = Release|Any CPU
		{B0988619-F980-4EFD-A4F5-BEE48258E4B1}.Debug|Any CPU.ActiveCfg = Debug
		{B0988619-F980-4EFD-A4F5-BEE48258E4B1}.Release|Any CPU.ActiveCfg = Release
		{FD146AED-9301-4DF8-9E59-336C16135EF1}.Debug|Any CPU.ActiveCfg = Debug|Any CPU
		{FD146AED-9301-4DF8-9E59-336C16135EF1}.Debug|Any CPU.Build.0 = Debug|Any CPU
		{FD146AED-9301-4DF8-9E59-336C16135EF1}.Release|Any CPU.ActiveCfg = Release|Any CPU
		{FD146AED-9301-4DF8-9E59-336C16135EF1}.Release|Any CPU.Build.0 = Release|Any CPU
		{87CD22D2-FA9B-43B5-B11B-1F6640D6CE63}.Debug|Any CPU.ActiveCfg = Debug
		{87CD22D2-FA9B-43B5-B11B-1F6640D6CE63}.Release|Any CPU.ActiveCfg = Release
	EndGlobalSection
	GlobalSection(SolutionProperties) = preSolution
		HideSolutionNode = FALSE
	EndGlobalSection
	GlobalSection(NestedProjects) = preSolution
		{138EB3C0-69FA-4FF1-93EC-2F51014ACC92} = {8CB2C9DA-51AF-466A-BB22-AF61DA6EAA49}
		{4B55D995-023C-485E-8B20-0981CAF01819} = {8CB2C9DA-51AF-466A-BB22-AF61DA6EAA49}
		{B4BD5902-4FB5-4B61-A68E-57BB2098F4F9} = {8CB2C9DA-51AF-466A-BB22-AF61DA6EAA49}
		{D4158079-2E80-4852-AA2F-D0380D80B938} = {8CB2C9DA-51AF-466A-BB22-AF61DA6EAA49}
		{FD146AED-9301-4DF8-9E59-336C16135EF1} = {8CB2C9DA-51AF-466A-BB22-AF61DA6EAA49}
		{09BF3077-3D89-479B-9B6D-C0AB310FF3D4} = {2259F512-57F2-4A5C-8A9E-C69ADFEF26EF}
		{3DC5F543-4BD3-4796-92A3-60099E60E7F1} = {2259F512-57F2-4A5C-8A9E-C69ADFEF26EF}
		{B0988619-F980-4EFD-A4F5-BEE48258E4B1} = {7D398CA3-DB82-4385-ACE3-E89A06785E13}
		{87CD22D2-FA9B-43B5-B11B-1F6640D6CE63} = {7D398CA3-DB82-4385-ACE3-E89A06785E13}
	EndGlobalSection
EndGlobal
